{
  "requires": true,
  "lockfileVersion": 1,
  "dependencies": {
    "bootstrap": {
      "version": "5.1.3",
      "resolved": "https://registry.npmjs.org/bootstrap/-/bootstrap-5.1.3.tgz",
      "integrity": "sha512-fcQztozJ8jToQWXxVuEyXWW+dSo8AiXWKwiSSrKWsRB/Qt+Ewwza+JWoLKiTuQLaEPhdNAJ7+Dosc9DOIqNy7Q=="
    },
    "startbootstrap-stylish-portfolio": {
      "version": "6.0.4",
      "resolved": "https://registry.npmjs.org/startbootstrap-stylish-portfolio/-/startbootstrap-stylish-portfolio-6.0.4.tgz",
      "integrity": "sha512-vcG6wv73mE5SoYWN1iT3mahFWiYfhj2jdRxq3FKZgM56kFDXYZhkf1fp0uz9tqyoaDkYWLkVx6kJm2+4ml8jew==",
      "requires": {
        "bootstrap": "5.1.3"
      }
    }
  }
}
